
Microsoft Visual Studio Solution File, Format Version 12.00
# Visual Studio Version 16
VisualStudioVersion = 16.0.30503.244
MinimumVisualStudioVersion = 10.0.40219.1
Project("{FAE04EC0-301F-11D3-BF4B-00C04F79EFBC}") = "e-RegistrationCardSystem", "HotelKoKoMu_CardRegister\e-RegistrationCardSystem.csproj", "{73531D4C-52C1-4914-9618-7A6E00604E21}"
EndProject
Global
	GlobalSection(SolutionConfigurationPlatforms) = preSolution
		Debug|Any CPU = Debug|Any CPU
		Release|Any CPU = Release|Any CPU
	EndGlobalSection
	GlobalSection(ProjectConfigurationPlatforms) = postSolution
		{73531D4C-52C1-4914-9618-7A6E00604E21}.Debug|Any CPU.ActiveCfg = Debug|Any CPU
		{73531D4C-52C1-4914-9618-7A6E00604E21}.Debug|Any CPU.Build.0 = Debug|Any CPU
		{73531D4C-52C1-4914-9618-7A6E00604E21}.Release|Any CPU.ActiveCfg = Release|Any CPU
		{73531D4C-52C1-4914-9618-7A6E00604E21}.Release|Any CPU.Build.0 = Release|Any CPU
	EndGlobalSection
	GlobalSection(SolutionProperties) = preSolution
		HideSolutionNode = FALSE
	EndGlobalSection
	GlobalSection(ExtensibilityGlobals) = postSolution
		SolutionGuid = {5D39D75C-22DE-47BB-B7C7-6F91312CD3DF}
	EndGlobalSection
EndGlobal
